
Microsoft Visual Studio Solution File, Format Version 12.00
# Visual Studio 15
VisualStudioVersion = 15.0.27703.2047
MinimumVisualStudioVersion = 10.0.40219.1
Project("{FAE04EC0-301F-11D3-BF4B-00C04F79EFBC}") = "OddOrEven", "OddOrEven\OddOrEven.csproj", "{CE7BB049-A7F3-4781-A917-5AEFEFDF0189}"
EndProject
Global
	GlobalSection(SolutionConfigurationPlatforms) = preSolution
		Debug|Any CPU = Debug|Any CPU
		Release|Any CPU = Release|Any CPU
	EndGlobalSection
	GlobalSection(ProjectConfigurationPlatforms) = postSolution
		{CE7BB049-A7F3-4781-A917-5AEFEFDF0189}.Debug|Any CPU.ActiveCfg = Debug|Any CPU
		{CE7BB049-A7F3-4781-A917-5AEFEFDF0189}.Debug|Any CPU.Build.0 = Debug|Any CPU
		{CE7BB049-A7F3-4781-A917-5AEFEFDF0189}.Release|Any CPU.ActiveCfg = Release|Any CPU
		{CE7BB049-A7F3-4781-A917-5AEFEFDF0189}.Release|Any CPU.Build.0 = Release|Any CPU
	EndGlobalSection
	GlobalSection(SolutionProperties) = preSolution
		HideSolutionNode = FALSE
	EndGlobalSection
	GlobalSection(ExtensibilityGlobals) = postSolution
		SolutionGuid = {ADFF3098-53E7-406B-8B2B-1F1A28467894}
	EndGlobalSection
EndGlobal
